<?xml version="1.0" encoding="utf-8"?>
<Project ToolsVersion="4.0" xmlns="http://schemas.microsoft.com/developer/msbuild/2003">
  <ItemGroup>
    <Filter Include="Source Files">
      <UniqueIdentifier>{4FC737F1-C7A5-4376-A066-2A32D752A2FF}</UniqueIdentifier>
      <Extensions>cpp;c;cc;cxx;def;odl;idl;hpj;bat;asm;asmx</Extensions>
    </Filter>
    <Filter Include="Header Files">
      <UniqueIdentifier>{93995380-89BD-4b04-88EB-625FBE52EBFB}</UniqueIdentifier>
      <Extensions>h;hh;hpp;hxx;hm;inl;inc;ipp;xsd</Extensions>
    </Filter>
    <Filter Include="Resource Files">
      <UniqueIdentifier>{67DA6AB6-F800-4c08-8B7A-83BB121AAD01}</UniqueIdentifier>
      <Extensions>rc;ico;cur;bmp;dlg;rc2;rct;bin;rgs;gif;jpg;jpeg;jpe;resx;tiff;tif;png;wav;mfcribbon-ms</Extensions>
    </Filter>
  </ItemGroup>
  <ItemGroup>
    <ClCompile Include="GlfwConfigure\GlfwConfigure.cpp">
      <Filter>Source Files</Filter>
    </ClCompile>
    <ClCompile Include="ShaderReader\FIleManager\FileManagerControler.cpp">
      <Filter>Source Files</Filter>
    </ClCompile>
    <ClCompile Include="ShaderReader\FIleManager\WFIleTextManager.cpp">
      <Filter>Source Files</Filter>
    </ClCompile>
    <ClCompile Include="ShaderReader\MyShader.cpp">
      <Filter>Source Files</Filter>
    </ClCompile>
    <ClCompile Include="TextureManager\TextureManager.cpp">
      <Filter>Source Files</Filter>
    </ClCompile>
    <ClCompile Include="cube\GlPainter.cpp">
      <Filter>Source Files</Filter>
    </ClCompile>
    <ClCompile Include="main.cpp">
      <Filter>Source Files</Filter>
    </ClCompile>
    <ClCompile Include="CallBack\callback.cpp">
      <Filter>Source Files</Filter>
    </ClCompile>
    <ClCompile Include="CallBack\mouse_click_callback.cpp">
      <Filter>Source Files</Filter>
    </ClCompile>
    <ClCompile Include="cube\GlCubePainter.cpp">
      <Filter>Source Files</Filter>
    </ClCompile>
    <ClCompile Include="ThirdParty\Glad\src\glad.c">
      <Filter>Source Files</Filter>
    </ClCompile>
    <ClCompile Include="ThirdParty\Glad\glad.c">
      <Filter>Source Files</Filter>
    </ClCompile>
  </ItemGroup>
  <ItemGroup>
    <ClInclude Include="GlfwConfigure\GlfwConfigure.h">
      <Filter>Header Files</Filter>
    </ClInclude>
    <ClInclude Include="ShaderReader\FIleManager\FileManagerControler.h">
      <Filter>Header Files</Filter>
    </ClInclude>
    <ClInclude Include="ShaderReader\MyShader.h">
      <Filter>Header Files</Filter>
    </ClInclude>
    <ClInclude Include="TextureManager\TextureManager.h">
      <Filter>Header Files</Filter>
    </ClInclude>
    <ClInclude Include="cube\GlPainter.h">
      <Filter>Header Files</Filter>
    </ClInclude>
    <ClInclude Include="CallBack\callback.h">
      <Filter>Header Files</Filter>
    </ClInclude>
    <ClInclude Include="CallBack\mouse_click_callback.h">
      <Filter>Header Files</Filter>
    </ClInclude>
    <ClInclude Include="cube\GlCubePainter.h">
      <Filter>Header Files</Filter>
    </ClInclude>
    <ClInclude Include="ShaderReader\ShaderManager.h">
      <Filter>Header Files</Filter>
    </ClInclude>
    <ClInclude Include="ShaderReader\FIleManager\WFIleTextManager.h">
      <Filter>Header Files</Filter>
    </ClInclude>
    <ClInclude Include="ShaderReader\ShaderBuilder.h">
      <Filter>Header Files</Filter>
    </ClInclude>
    <ClInclude Include="cube\setCube.h">
      <Filter>Header Files</Filter>
    </ClInclude>
  </ItemGroup>
</Project>